
Microsoft Visual Studio Solution File, Format Version 12.00
# Visual Studio Version 16
VisualStudioVersion = 16.0.30128.74
MinimumVisualStudioVersion = 10.0.40219.1
Project("{FAE04EC0-301F-11D3-BF4B-00C04F79EFBC}") = "SimpleDiary", "SimpleDiary\SimpleDiary.csproj", "{B21AC774-7F71-405D-8B16-75D83BF36FC5}"
EndProject
Global
	GlobalSection(SolutionConfigurationPlatforms) = preSolution
		Debug|Any CPU = Debug|Any CPU
		Release|Any CPU = Release|Any CPU
	EndGlobalSection
	GlobalSection(ProjectConfigurationPlatforms) = postSolution
		{B21AC774-7F71-405D-8B16-75D83BF36FC5}.Debug|Any CPU.ActiveCfg = Debug|Any CPU
		{B21AC774-7F71-405D-8B16-75D83BF36FC5}.Debug|Any CPU.Build.0 = Debug|Any CPU
		{B21AC774-7F71-405D-8B16-75D83BF36FC5}.Release|Any CPU.ActiveCfg = Release|Any CPU
		{B21AC774-7F71-405D-8B16-75D83BF36FC5}.Release|Any CPU.Build.0 = Release|Any CPU
	EndGlobalSection
	GlobalSection(SolutionProperties) = preSolution
		HideSolutionNode = FALSE
	EndGlobalSection
	GlobalSection(ExtensibilityGlobals) = postSolution
		SolutionGuid = {3F254E1F-5F70-4C53-9E37-E5578725CE94}
	EndGlobalSection
EndGlobal
